
Microsoft Visual Studio Solution File, Format Version 12.00
# Visual Studio Version 16
VisualStudioVersion = 25.0.1706.11
MinimumVisualStudioVersion = 10.0.40219.1
Project("{FAE04EC0-301F-11D3-BF4B-00C04F79EFBC}") = "tutorial8", "tutorial8\tutorial8.csproj", "{43751D9E-1F92-425D-9CE9-62E66DF7EBD9}"
EndProject
Global
	GlobalSection(SolutionConfigurationPlatforms) = preSolution
		Debug|Any CPU = Debug|Any CPU
		Release|Any CPU = Release|Any CPU
	EndGlobalSection
	GlobalSection(ProjectConfigurationPlatforms) = postSolution
		{43751D9E-1F92-425D-9CE9-62E66DF7EBD9}.Debug|Any CPU.ActiveCfg = Debug|Any CPU
		{43751D9E-1F92-425D-9CE9-62E66DF7EBD9}.Debug|Any CPU.Build.0 = Debug|Any CPU
		{43751D9E-1F92-425D-9CE9-62E66DF7EBD9}.Release|Any CPU.ActiveCfg = Release|Any CPU
		{43751D9E-1F92-425D-9CE9-62E66DF7EBD9}.Release|Any CPU.Build.0 = Release|Any CPU
	EndGlobalSection
	GlobalSection(SolutionProperties) = preSolution
		HideSolutionNode = FALSE
	EndGlobalSection
	GlobalSection(ExtensibilityGlobals) = postSolution
		SolutionGuid = {8C6654F1-591E-4A4F-A64B-DDF736E400EA}
	EndGlobalSection
EndGlobal
